
Microsoft Visual Studio Solution File, Format Version 12.00
# Visual Studio Version 16
VisualStudioVersion = 16.0.28803.452
MinimumVisualStudioVersion = 10.0.40219.1
Project("{9A19103F-16F7-4668-BE54-9A1E7A4F7556}") = "Auctions.AuctionParticipantClient", "Auctions.AuctionParticipantClient\Auctions.AuctionParticipantClient.csproj", "{698A8C3D-CA9B-4FF4-A704-5A3AD9254443}"
EndProject
Project("{9A19103F-16F7-4668-BE54-9A1E7A4F7556}") = "Auctions.OutbidsAPI", "Auctions.OutbidsAPI\Auctions.OutbidsAPI.csproj", "{003029B4-916B-4BDF-9779-9CC55ECA1D86}"
EndProject
Project("{9A19103F-16F7-4668-BE54-9A1E7A4F7556}") = "OutbidsWorker", "OutbidsWorker\OutbidsWorker.csproj", "{47D6E25B-96C0-49E4-BC8F-A4AF5580D37D}"
EndProject
Project("{FAE04EC0-301F-11D3-BF4B-00C04F79EFBC}") = "Auctions.Monolithic", "Auctions.Monolithic\Auctions.Monolithic.csproj", "{848493D1-A942-482C-82D2-E9C95D5A4EBB}"
EndProject
Global
	GlobalSection(SolutionConfigurationPlatforms) = preSolution
		Debug|Any CPU = Debug|Any CPU
		Release|Any CPU = Release|Any CPU
	EndGlobalSection
	GlobalSection(ProjectConfigurationPlatforms) = postSolution
		{698A8C3D-CA9B-4FF4-A704-5A3AD9254443}.Debug|Any CPU.ActiveCfg = Debug|Any CPU
		{698A8C3D-CA9B-4FF4-A704-5A3AD9254443}.Debug|Any CPU.Build.0 = Debug|Any CPU
		{698A8C3D-CA9B-4FF4-A704-5A3AD9254443}.Release|Any CPU.ActiveCfg = Release|Any CPU
		{698A8C3D-CA9B-4FF4-A704-5A3AD9254443}.Release|Any CPU.Build.0 = Release|Any CPU
		{003029B4-916B-4BDF-9779-9CC55ECA1D86}.Debug|Any CPU.ActiveCfg = Debug|Any CPU
		{003029B4-916B-4BDF-9779-9CC55ECA1D86}.Debug|Any CPU.Build.0 = Debug|Any CPU
		{003029B4-916B-4BDF-9779-9CC55ECA1D86}.Release|Any CPU.ActiveCfg = Release|Any CPU
		{003029B4-916B-4BDF-9779-9CC55ECA1D86}.Release|Any CPU.Build.0 = Release|Any CPU
		{47D6E25B-96C0-49E4-BC8F-A4AF5580D37D}.Debug|Any CPU.ActiveCfg = Debug|Any CPU
		{47D6E25B-96C0-49E4-BC8F-A4AF5580D37D}.Debug|Any CPU.Build.0 = Debug|Any CPU
		{47D6E25B-96C0-49E4-BC8F-A4AF5580D37D}.Release|Any CPU.ActiveCfg = Release|Any CPU
		{47D6E25B-96C0-49E4-BC8F-A4AF5580D37D}.Release|Any CPU.Build.0 = Release|Any CPU
		{848493D1-A942-482C-82D2-E9C95D5A4EBB}.Debug|Any CPU.ActiveCfg = Debug|Any CPU
		{848493D1-A942-482C-82D2-E9C95D5A4EBB}.Debug|Any CPU.Build.0 = Debug|Any CPU
		{848493D1-A942-482C-82D2-E9C95D5A4EBB}.Release|Any CPU.ActiveCfg = Release|Any CPU
		{848493D1-A942-482C-82D2-E9C95D5A4EBB}.Release|Any CPU.Build.0 = Release|Any CPU
	EndGlobalSection
	GlobalSection(SolutionProperties) = preSolution
		HideSolutionNode = FALSE
	EndGlobalSection
	GlobalSection(ExtensibilityGlobals) = postSolution
		SolutionGuid = {362E47F8-FD5F-4B6E-803A-805FF064D67E}
	EndGlobalSection
EndGlobal
